
Microsoft Visual Studio Solution File, Format Version 9.00
# Visual Studio 2005
Project("{8BC9CEB8-8B4A-11D0-8D11-00A0C91BC942}") = "Chap3", "Chap3\Chap3.vcproj", "{0F4C8D32-D231-47A4-BC33-1BC68440C10E}"
EndProject
Project("{8BC9CEB8-8B4A-11D0-8D11-00A0C91BC942}") = "Chap4", "Chap4\Chap4.vcproj", "{9A85E0E4-6FF7-4DF0-AF60-ADF63E14FEE7}"
EndProject
Project("{2150E333-8FDC-42A3-9474-1A3956D46DE8}") = "Chap5", "Chap5", "{9AEA7E71-B4CD-405D-B688-F0232F167806}"
EndProject
Project("{8BC9CEB8-8B4A-11D0-8D11-00A0C91BC942}") = "Client1", "Chap5\Client\Client.vcproj", "{26AEE697-8970-44B9-8958-B467E7007A27}"
EndProject
Project("{8BC9CEB8-8B4A-11D0-8D11-00A0C91BC942}") = "Component1", "Chap5\Component1\Component1.vcproj", "{497F1B7E-41C0-4A09-AC38-7A500B5F07C5}"
EndProject
Project("{2150E333-8FDC-42A3-9474-1A3956D46DE8}") = "Chap7", "Chap7", "{957C25EB-2937-4592-A13E-38016D93CC69}"
EndProject
Project("{8BC9CEB8-8B4A-11D0-8D11-00A0C91BC942}") = "Component1", "Chap7\Component1\Component1.vcproj", "{E322FADA-964B-4E70-AA78-8DC579B3D820}"
EndProject
Global
	GlobalSection(SolutionConfigurationPlatforms) = preSolution
		Debug|Win32 = Debug|Win32
		Release|Win32 = Release|Win32
	EndGlobalSection
	GlobalSection(ProjectConfigurationPlatforms) = postSolution
		{0F4C8D32-D231-47A4-BC33-1BC68440C10E}.Debug|Win32.ActiveCfg = Debug|Win32
		{0F4C8D32-D231-47A4-BC33-1BC68440C10E}.Debug|Win32.Build.0 = Debug|Win32
		{0F4C8D32-D231-47A4-BC33-1BC68440C10E}.Release|Win32.ActiveCfg = Release|Win32
		{0F4C8D32-D231-47A4-BC33-1BC68440C10E}.Release|Win32.Build.0 = Release|Win32
		{9A85E0E4-6FF7-4DF0-AF60-ADF63E14FEE7}.Debug|Win32.ActiveCfg = Debug|Win32
		{9A85E0E4-6FF7-4DF0-AF60-ADF63E14FEE7}.Debug|Win32.Build.0 = Debug|Win32
		{9A85E0E4-6FF7-4DF0-AF60-ADF63E14FEE7}.Release|Win32.ActiveCfg = Release|Win32
		{9A85E0E4-6FF7-4DF0-AF60-ADF63E14FEE7}.Release|Win32.Build.0 = Release|Win32
		{26AEE697-8970-44B9-8958-B467E7007A27}.Debug|Win32.ActiveCfg = Debug|Win32
		{26AEE697-8970-44B9-8958-B467E7007A27}.Debug|Win32.Build.0 = Debug|Win32
		{26AEE697-8970-44B9-8958-B467E7007A27}.Release|Win32.ActiveCfg = Release|Win32
		{26AEE697-8970-44B9-8958-B467E7007A27}.Release|Win32.Build.0 = Release|Win32
		{497F1B7E-41C0-4A09-AC38-7A500B5F07C5}.Debug|Win32.ActiveCfg = Debug|Win32
		{497F1B7E-41C0-4A09-AC38-7A500B5F07C5}.Debug|Win32.Build.0 = Debug|Win32
		{497F1B7E-41C0-4A09-AC38-7A500B5F07C5}.Release|Win32.ActiveCfg = Release|Win32
		{497F1B7E-41C0-4A09-AC38-7A500B5F07C5}.Release|Win32.Build.0 = Release|Win32
		{E322FADA-964B-4E70-AA78-8DC579B3D820}.Debug|Win32.ActiveCfg = Debug|Win32
		{E322FADA-964B-4E70-AA78-8DC579B3D820}.Debug|Win32.Build.0 = Debug|Win32
		{E322FADA-964B-4E70-AA78-8DC579B3D820}.Release|Win32.ActiveCfg = Release|Win32
		{E322FADA-964B-4E70-AA78-8DC579B3D820}.Release|Win32.Build.0 = Release|Win32
	EndGlobalSection
	GlobalSection(SolutionProperties) = preSolution
		HideSolutionNode = FALSE
	EndGlobalSection
	GlobalSection(NestedProjects) = preSolution
		{26AEE697-8970-44B9-8958-B467E7007A27} = {9AEA7E71-B4CD-405D-B688-F0232F167806}
		{497F1B7E-41C0-4A09-AC38-7A500B5F07C5} = {9AEA7E71-B4CD-405D-B688-F0232F167806}
		{E322FADA-964B-4E70-AA78-8DC579B3D820} = {957C25EB-2937-4592-A13E-38016D93CC69}
	EndGlobalSection
EndGlobal
